
Microsoft Visual Studio Solution File, Format Version 12.00
# Visual Studio Version 17
VisualStudioVersion = 17.3.32929.385
MinimumVisualStudioVersion = 10.0.40219.1
Project("{9A19103F-16F7-4668-BE54-9A1E7A4F7556}") = "WebApplication3_Dz2", "WebApplication3_Dz2\WebApplication3_Dz2.csproj", "{79012BE8-9B67-453A-9328-C42607F392F5}"
EndProject
Global
	GlobalSection(SolutionConfigurationPlatforms) = preSolution
		Debug|Any CPU = Debug|Any CPU
		Release|Any CPU = Release|Any CPU
	EndGlobalSection
	GlobalSection(ProjectConfigurationPlatforms) = postSolution
		{79012BE8-9B67-453A-9328-C42607F392F5}.Debug|Any CPU.ActiveCfg = Debug|Any CPU
		{79012BE8-9B67-453A-9328-C42607F392F5}.Debug|Any CPU.Build.0 = Debug|Any CPU
		{79012BE8-9B67-453A-9328-C42607F392F5}.Release|Any CPU.ActiveCfg = Release|Any CPU
		{79012BE8-9B67-453A-9328-C42607F392F5}.Release|Any CPU.Build.0 = Release|Any CPU
	EndGlobalSection
	GlobalSection(SolutionProperties) = preSolution
		HideSolutionNode = FALSE
	EndGlobalSection
	GlobalSection(ExtensibilityGlobals) = postSolution
		SolutionGuid = {E5B6A2E9-61A2-4AA1-8495-B02675EFAB6A}
	EndGlobalSection
EndGlobal
